
Microsoft Visual Studio Solution File, Format Version 12.00
# Visual Studio Version 17
VisualStudioVersion = 17.4.33403.182
MinimumVisualStudioVersion = 10.0.40219.1
Project("{FAE04EC0-301F-11D3-BF4B-00C04F79EFBC}") = "VMS system", "VMS system.csproj", "{2FE6E4A5-0D6B-4179-B7E5-54935014BE55}"
EndProject
Global
	GlobalSection(SolutionConfigurationPlatforms) = preSolution
		Debug|Any CPU = Debug|Any CPU
		Release|Any CPU = Release|Any CPU
	EndGlobalSection
	GlobalSection(ProjectConfigurationPlatforms) = postSolution
		{2FE6E4A5-0D6B-4179-B7E5-54935014BE55}.Debug|Any CPU.ActiveCfg = Debug|Any CPU
		{2FE6E4A5-0D6B-4179-B7E5-54935014BE55}.Debug|Any CPU.Build.0 = Debug|Any CPU
		{2FE6E4A5-0D6B-4179-B7E5-54935014BE55}.Release|Any CPU.ActiveCfg = Release|Any CPU
		{2FE6E4A5-0D6B-4179-B7E5-54935014BE55}.Release|Any CPU.Build.0 = Release|Any CPU
	EndGlobalSection
	GlobalSection(SolutionProperties) = preSolution
		HideSolutionNode = FALSE
	EndGlobalSection
	GlobalSection(ExtensibilityGlobals) = postSolution
		SolutionGuid = {97BDC30B-EB7C-4639-9C4B-8455B2795E07}
	EndGlobalSection
EndGlobal
